
Microsoft Visual Studio Solution File, Format Version 12.00
# Visual Studio 15
VisualStudioVersion = 15.0.28307.572
MinimumVisualStudioVersion = 10.0.40219.1
Project("{FAE04EC0-301F-11D3-BF4B-00C04F79EFBC}") = "task4", "task4\task4.csproj", "{E777973D-6274-491F-9D05-800D2C382E86}"
EndProject
Project("{FAE04EC0-301F-11D3-BF4B-00C04F79EFBC}") = "UnitTestProject1", "UnitTestProject1\UnitTestProject1.csproj", "{58967735-15F0-4537-A98B-BA1D78CE765F}"
EndProject
Global
	GlobalSection(SolutionConfigurationPlatforms) = preSolution
		Debug|Any CPU = Debug|Any CPU
		Release|Any CPU = Release|Any CPU
	EndGlobalSection
	GlobalSection(ProjectConfigurationPlatforms) = postSolution
		{E777973D-6274-491F-9D05-800D2C382E86}.Debug|Any CPU.ActiveCfg = Debug|Any CPU
		{E777973D-6274-491F-9D05-800D2C382E86}.Debug|Any CPU.Build.0 = Debug|Any CPU
		{E777973D-6274-491F-9D05-800D2C382E86}.Release|Any CPU.ActiveCfg = Release|Any CPU
		{E777973D-6274-491F-9D05-800D2C382E86}.Release|Any CPU.Build.0 = Release|Any CPU
		{58967735-15F0-4537-A98B-BA1D78CE765F}.Debug|Any CPU.ActiveCfg = Debug|Any CPU
		{58967735-15F0-4537-A98B-BA1D78CE765F}.Debug|Any CPU.Build.0 = Debug|Any CPU
		{58967735-15F0-4537-A98B-BA1D78CE765F}.Release|Any CPU.ActiveCfg = Release|Any CPU
		{58967735-15F0-4537-A98B-BA1D78CE765F}.Release|Any CPU.Build.0 = Release|Any CPU
	EndGlobalSection
	GlobalSection(SolutionProperties) = preSolution
		HideSolutionNode = FALSE
	EndGlobalSection
	GlobalSection(ExtensibilityGlobals) = postSolution
		SolutionGuid = {4231623B-7ADA-4DB1-AC93-A32A25536147}
	EndGlobalSection
EndGlobal
